
Microsoft Visual Studio Solution File, Format Version 12.00
# Visual Studio 15
VisualStudioVersion = 15.0.27703.2042
MinimumVisualStudioVersion = 10.0.40219.1
Project("{8BC9CEB8-8B4A-11D0-8D11-00A0C91BC942}") = "gl_1", "gl_1\gl_1.vcxproj", "{AB4751B0-55C2-4E21-B615-69C76CDCF100}"
EndProject
Global
	GlobalSection(SolutionConfigurationPlatforms) = preSolution
		Debug|x64 = Debug|x64
		Debug|x86 = Debug|x86
		Release|x64 = Release|x64
		Release|x86 = Release|x86
	EndGlobalSection
	GlobalSection(ProjectConfigurationPlatforms) = postSolution
		{AB4751B0-55C2-4E21-B615-69C76CDCF100}.Debug|x64.ActiveCfg = Debug|x64
		{AB4751B0-55C2-4E21-B615-69C76CDCF100}.Debug|x64.Build.0 = Debug|x64
		{AB4751B0-55C2-4E21-B615-69C76CDCF100}.Debug|x86.ActiveCfg = Debug|Win32
		{AB4751B0-55C2-4E21-B615-69C76CDCF100}.Debug|x86.Build.0 = Debug|Win32
		{AB4751B0-55C2-4E21-B615-69C76CDCF100}.Release|x64.ActiveCfg = Release|x64
		{AB4751B0-55C2-4E21-B615-69C76CDCF100}.Release|x64.Build.0 = Release|x64
		{AB4751B0-55C2-4E21-B615-69C76CDCF100}.Release|x86.ActiveCfg = Release|Win32
		{AB4751B0-55C2-4E21-B615-69C76CDCF100}.Release|x86.Build.0 = Release|Win32
	EndGlobalSection
	GlobalSection(SolutionProperties) = preSolution
		HideSolutionNode = FALSE
	EndGlobalSection
	GlobalSection(ExtensibilityGlobals) = postSolution
		SolutionGuid = {9BCA966E-55EE-464E-B78C-D96BFE5EE840}
	EndGlobalSection
EndGlobal
